
Microsoft Visual Studio Solution File, Format Version 12.00
# Visual Studio 15
VisualStudioVersion = 15.0.28010.2050
MinimumVisualStudioVersion = 10.0.40219.1
Project("{FAE04EC0-301F-11D3-BF4B-00C04F79EFBC}") = "DotSpatial.WPF", "DotSpatial.WPF\DotSpatial.WPF.csproj", "{3AC7E0A5-132C-42D5-9F90-386BA9FB6411}"
EndProject
Global
	GlobalSection(SolutionConfigurationPlatforms) = preSolution
		Debug|Any CPU = Debug|Any CPU
		Release|Any CPU = Release|Any CPU
	EndGlobalSection
	GlobalSection(ProjectConfigurationPlatforms) = postSolution
		{3AC7E0A5-132C-42D5-9F90-386BA9FB6411}.Debug|Any CPU.ActiveCfg = Debug|Any CPU
		{3AC7E0A5-132C-42D5-9F90-386BA9FB6411}.Debug|Any CPU.Build.0 = Debug|Any CPU
		{3AC7E0A5-132C-42D5-9F90-386BA9FB6411}.Release|Any CPU.ActiveCfg = Release|Any CPU
		{3AC7E0A5-132C-42D5-9F90-386BA9FB6411}.Release|Any CPU.Build.0 = Release|Any CPU
	EndGlobalSection
	GlobalSection(SolutionProperties) = preSolution
		HideSolutionNode = FALSE
	EndGlobalSection
	GlobalSection(ExtensibilityGlobals) = postSolution
		SolutionGuid = {032E4EB5-8652-42C1-B2A4-885F9723387A}
	EndGlobalSection
EndGlobal
